
Microsoft Visual Studio Solution File, Format Version 12.00
# Visual Studio Version 16
VisualStudioVersion = 16.0.31229.75
MinimumVisualStudioVersion = 10.0.40219.1
Project("{9A19103F-16F7-4668-BE54-9A1E7A4F7556}") = "WareHouse", "WareHouse\WareHouse.csproj", "{60326795-F73F-4FF1-8E6F-5355BB22D9E1}"
EndProject
Project("{FAE04EC0-301F-11D3-BF4B-00C04F79EFBC}") = "WarehouseTests", "WarehouseTests\WarehouseTests.csproj", "{AB006502-5B53-47D1-BE12-9B38B615A3E3}"
EndProject
Global
	GlobalSection(SolutionConfigurationPlatforms) = preSolution
		Debug|Any CPU = Debug|Any CPU
		Release|Any CPU = Release|Any CPU
	EndGlobalSection
	GlobalSection(ProjectConfigurationPlatforms) = postSolution
		{60326795-F73F-4FF1-8E6F-5355BB22D9E1}.Debug|Any CPU.ActiveCfg = Debug|Any CPU
		{60326795-F73F-4FF1-8E6F-5355BB22D9E1}.Debug|Any CPU.Build.0 = Debug|Any CPU
		{60326795-F73F-4FF1-8E6F-5355BB22D9E1}.Release|Any CPU.ActiveCfg = Release|Any CPU
		{60326795-F73F-4FF1-8E6F-5355BB22D9E1}.Release|Any CPU.Build.0 = Release|Any CPU
		{AB006502-5B53-47D1-BE12-9B38B615A3E3}.Debug|Any CPU.ActiveCfg = Debug|Any CPU
		{AB006502-5B53-47D1-BE12-9B38B615A3E3}.Debug|Any CPU.Build.0 = Debug|Any CPU
		{AB006502-5B53-47D1-BE12-9B38B615A3E3}.Release|Any CPU.ActiveCfg = Release|Any CPU
		{AB006502-5B53-47D1-BE12-9B38B615A3E3}.Release|Any CPU.Build.0 = Release|Any CPU
	EndGlobalSection
	GlobalSection(SolutionProperties) = preSolution
		HideSolutionNode = FALSE
	EndGlobalSection
	GlobalSection(ExtensibilityGlobals) = postSolution
		SolutionGuid = {AF3AD2C1-BF9C-45BB-92E9-039669257F05}
	EndGlobalSection
EndGlobal
